
Microsoft Visual Studio Solution File, Format Version 12.00
# Visual Studio Version 17
VisualStudioVersion = 17.9.34622.214
MinimumVisualStudioVersion = 10.0.40219.1
Project("{FAE04EC0-301F-11D3-BF4B-00C04F79EFBC}") = "PIM2024_2SEMESTRE", "PIM2024_2SEMESTRE.csproj", "{BA05812A-7E90-4D13-9978-6C3946A84549}"
EndProject
Global
	GlobalSection(SolutionConfigurationPlatforms) = preSolution
		Debug|Any CPU = Debug|Any CPU
		Release|Any CPU = Release|Any CPU
	EndGlobalSection
	GlobalSection(ProjectConfigurationPlatforms) = postSolution
		{BA05812A-7E90-4D13-9978-6C3946A84549}.Debug|Any CPU.ActiveCfg = Debug|Any CPU
		{BA05812A-7E90-4D13-9978-6C3946A84549}.Debug|Any CPU.Build.0 = Debug|Any CPU
		{BA05812A-7E90-4D13-9978-6C3946A84549}.Release|Any CPU.ActiveCfg = Release|Any CPU
		{BA05812A-7E90-4D13-9978-6C3946A84549}.Release|Any CPU.Build.0 = Release|Any CPU
	EndGlobalSection
	GlobalSection(SolutionProperties) = preSolution
		HideSolutionNode = FALSE
	EndGlobalSection
	GlobalSection(ExtensibilityGlobals) = postSolution
		SolutionGuid = {CE5F314C-DAC5-46BA-AA51-0D9532CD185D}
	EndGlobalSection
EndGlobal
